
Microsoft Visual Studio Solution File, Format Version 12.00
# Visual Studio Version 17
VisualStudioVersion = 17.8.34309.116
MinimumVisualStudioVersion = 10.0.40219.1
Project("{2150E333-8FDC-42A3-9474-1A3956D46DE8}") = "BuildingBlocks", "BuildingBlocks", "{8E874D28-C670-4656-AA0F-C879FF951269}"
EndProject
Project("{9A19103F-16F7-4668-BE54-9A1E7A4F7556}") = "BuildingBlocks", "BuildingBlocks\BuildingBlocks\BuildingBlocks.csproj", "{3748B458-A8D0-43F2-91E2-9D0EB5EE561D}"
EndProject
Project("{2150E333-8FDC-42A3-9474-1A3956D46DE8}") = "Services", "Services", "{442E8F3D-32B4-4018-9774-C1DC52849B61}"
EndProject
Project("{2150E333-8FDC-42A3-9474-1A3956D46DE8}") = "Catalog", "Catalog", "{B987DF7B-0B2F-4ACB-827D-08E3A23D2B6D}"
EndProject
Project("{9A19103F-16F7-4668-BE54-9A1E7A4F7556}") = "Catalog.API", "Services\Catalog\Catalog.API\Catalog.API.csproj", "{CBE2868B-8F4E-4386-B1AB-F7728B3845B7}"
EndProject
Project("{E53339B2-1760-4266-BCC7-CA923CBCF16C}") = "docker-compose", "docker-compose.dcproj", "{14210710-A7B6-474E-89D0-AD963CEEDFBF}"
EndProject
Project("{2150E333-8FDC-42A3-9474-1A3956D46DE8}") = "Basket", "Basket", "{8B304516-241C-4293-AE6E-F724942F105B}"
EndProject
Project("{FAE04EC0-301F-11D3-BF4B-00C04F79EFBC}") = "Basket.API", "Services\Basket\Basket.API\Basket.API.csproj", "{4554B674-C5C2-4811-8D71-86EAAA7AA536}"
EndProject
Project("{2150E333-8FDC-42A3-9474-1A3956D46DE8}") = "Discount", "Discount", "{C2DEA1F2-AFF0-445F-85AF-E4BDF4B1998C}"
EndProject
Project("{FAE04EC0-301F-11D3-BF4B-00C04F79EFBC}") = "Discount.Grpc", "Services\Discount\Discount.API\Discount.Grpc.csproj", "{87921E31-7480-40C5-B9A2-B6774DABCE7D}"
EndProject
Project("{2150E333-8FDC-42A3-9474-1A3956D46DE8}") = "Ordering", "Ordering", "{31B53A5F-6034-4A3C-A344-564F99355AC4}"
EndProject
Project("{FAE04EC0-301F-11D3-BF4B-00C04F79EFBC}") = "Ordering.API", "Services\Ordering\Ordering.API\Ordering.API.csproj", "{27E72422-916B-4259-A2F9-EB07442BC6BE}"
EndProject
Project("{FAE04EC0-301F-11D3-BF4B-00C04F79EFBC}") = "Ordering.Domain", "Services\Ordering\Ordering.Domain\Ordering.Domain.csproj", "{C88A3E55-BC56-4B86-80C8-4C39157B2BBA}"
EndProject
Project("{FAE04EC0-301F-11D3-BF4B-00C04F79EFBC}") = "Ordering.Application", "Services\Ordering\Ordering.Application\Ordering.Application.csproj", "{AD1A2A58-B222-47F3-AE65-E894BD2262E4}"
EndProject
Project("{FAE04EC0-301F-11D3-BF4B-00C04F79EFBC}") = "Ordering.Infrastructure", "Services\Ordering\Ordering.Infrastructure\Ordering.Infrastructure.csproj", "{759393D0-A13D-44F8-92C6-046868E75E07}"
EndProject
Project("{FAE04EC0-301F-11D3-BF4B-00C04F79EFBC}") = "BuildingBlocks.Messaging", "BuildingBlocks\BuildingBlocks.Messaging\BuildingBlocks.Messaging.csproj", "{6BFF7DCE-07ED-4702-B55E-A1DA43C1FB3A}"
EndProject
Global
	GlobalSection(SolutionConfigurationPlatforms) = preSolution
		Debug|Any CPU = Debug|Any CPU
		Release|Any CPU = Release|Any CPU
	EndGlobalSection
	GlobalSection(ProjectConfigurationPlatforms) = postSolution
		{3748B458-A8D0-43F2-91E2-9D0EB5EE561D}.Debug|Any CPU.ActiveCfg = Debug|Any CPU
		{3748B458-A8D0-43F2-91E2-9D0EB5EE561D}.Debug|Any CPU.Build.0 = Debug|Any CPU
		{3748B458-A8D0-43F2-91E2-9D0EB5EE561D}.Release|Any CPU.ActiveCfg = Release|Any CPU
		{3748B458-A8D0-43F2-91E2-9D0EB5EE561D}.Release|Any CPU.Build.0 = Release|Any CPU
		{CBE2868B-8F4E-4386-B1AB-F7728B3845B7}.Debug|Any CPU.ActiveCfg = Debug|Any CPU
		{CBE2868B-8F4E-4386-B1AB-F7728B3845B7}.Debug|Any CPU.Build.0 = Debug|Any CPU
		{CBE2868B-8F4E-4386-B1AB-F7728B3845B7}.Release|Any CPU.ActiveCfg = Release|Any CPU
		{CBE2868B-8F4E-4386-B1AB-F7728B3845B7}.Release|Any CPU.Build.0 = Release|Any CPU
		{14210710-A7B6-474E-89D0-AD963CEEDFBF}.Debug|Any CPU.ActiveCfg = Debug|Any CPU
		{14210710-A7B6-474E-89D0-AD963CEEDFBF}.Debug|Any CPU.Build.0 = Debug|Any CPU
		{14210710-A7B6-474E-89D0-AD963CEEDFBF}.Release|Any CPU.ActiveCfg = Release|Any CPU
		{14210710-A7B6-474E-89D0-AD963CEEDFBF}.Release|Any CPU.Build.0 = Release|Any CPU
		{4554B674-C5C2-4811-8D71-86EAAA7AA536}.Debug|Any CPU.ActiveCfg = Debug|Any CPU
		{4554B674-C5C2-4811-8D71-86EAAA7AA536}.Debug|Any CPU.Build.0 = Debug|Any CPU
		{4554B674-C5C2-4811-8D71-86EAAA7AA536}.Release|Any CPU.ActiveCfg = Release|Any CPU
		{4554B674-C5C2-4811-8D71-86EAAA7AA536}.Release|Any CPU.Build.0 = Release|Any CPU
		{87921E31-7480-40C5-B9A2-B6774DABCE7D}.Debug|Any CPU.ActiveCfg = Debug|Any CPU
		{87921E31-7480-40C5-B9A2-B6774DABCE7D}.Debug|Any CPU.Build.0 = Debug|Any CPU
		{87921E31-7480-40C5-B9A2-B6774DABCE7D}.Release|Any CPU.ActiveCfg = Release|Any CPU
		{87921E31-7480-40C5-B9A2-B6774DABCE7D}.Release|Any CPU.Build.0 = Release|Any CPU
		{27E72422-916B-4259-A2F9-EB07442BC6BE}.Debug|Any CPU.ActiveCfg = Debug|Any CPU
		{27E72422-916B-4259-A2F9-EB07442BC6BE}.Debug|Any CPU.Build.0 = Debug|Any CPU
		{27E72422-916B-4259-A2F9-EB07442BC6BE}.Release|Any CPU.ActiveCfg = Release|Any CPU
		{27E72422-916B-4259-A2F9-EB07442BC6BE}.Release|Any CPU.Build.0 = Release|Any CPU
		{C88A3E55-BC56-4B86-80C8-4C39157B2BBA}.Debug|Any CPU.ActiveCfg = Debug|Any CPU
		{C88A3E55-BC56-4B86-80C8-4C39157B2BBA}.Debug|Any CPU.Build.0 = Debug|Any CPU
		{C88A3E55-BC56-4B86-80C8-4C39157B2BBA}.Release|Any CPU.ActiveCfg = Release|Any CPU
		{C88A3E55-BC56-4B86-80C8-4C39157B2BBA}.Release|Any CPU.Build.0 = Release|Any CPU
		{AD1A2A58-B222-47F3-AE65-E894BD2262E4}.Debug|Any CPU.ActiveCfg = Debug|Any CPU
		{AD1A2A58-B222-47F3-AE65-E894BD2262E4}.Debug|Any CPU.Build.0 = Debug|Any CPU
		{AD1A2A58-B222-47F3-AE65-E894BD2262E4}.Release|Any CPU.ActiveCfg = Release|Any CPU
		{AD1A2A58-B222-47F3-AE65-E894BD2262E4}.Release|Any CPU.Build.0 = Release|Any CPU
		{759393D0-A13D-44F8-92C6-046868E75E07}.Debug|Any CPU.ActiveCfg = Debug|Any CPU
		{759393D0-A13D-44F8-92C6-046868E75E07}.Debug|Any CPU.Build.0 = Debug|Any CPU
		{759393D0-A13D-44F8-92C6-046868E75E07}.Release|Any CPU.ActiveCfg = Release|Any CPU
		{759393D0-A13D-44F8-92C6-046868E75E07}.Release|Any CPU.Build.0 = Release|Any CPU
		{6BFF7DCE-07ED-4702-B55E-A1DA43C1FB3A}.Debug|Any CPU.ActiveCfg = Debug|Any CPU
		{6BFF7DCE-07ED-4702-B55E-A1DA43C1FB3A}.Debug|Any CPU.Build.0 = Debug|Any CPU
		{6BFF7DCE-07ED-4702-B55E-A1DA43C1FB3A}.Release|Any CPU.ActiveCfg = Release|Any CPU
		{6BFF7DCE-07ED-4702-B55E-A1DA43C1FB3A}.Release|Any CPU.Build.0 = Release|Any CPU
	EndGlobalSection
	GlobalSection(SolutionProperties) = preSolution
		HideSolutionNode = FALSE
	EndGlobalSection
	GlobalSection(NestedProjects) = preSolution
		{3748B458-A8D0-43F2-91E2-9D0EB5EE561D} = {8E874D28-C670-4656-AA0F-C879FF951269}
		{B987DF7B-0B2F-4ACB-827D-08E3A23D2B6D} = {442E8F3D-32B4-4018-9774-C1DC52849B61}
		{CBE2868B-8F4E-4386-B1AB-F7728B3845B7} = {B987DF7B-0B2F-4ACB-827D-08E3A23D2B6D}
		{8B304516-241C-4293-AE6E-F724942F105B} = {442E8F3D-32B4-4018-9774-C1DC52849B61}
		{4554B674-C5C2-4811-8D71-86EAAA7AA536} = {8B304516-241C-4293-AE6E-F724942F105B}
		{C2DEA1F2-AFF0-445F-85AF-E4BDF4B1998C} = {442E8F3D-32B4-4018-9774-C1DC52849B61}
		{87921E31-7480-40C5-B9A2-B6774DABCE7D} = {C2DEA1F2-AFF0-445F-85AF-E4BDF4B1998C}
		{31B53A5F-6034-4A3C-A344-564F99355AC4} = {442E8F3D-32B4-4018-9774-C1DC52849B61}
		{27E72422-916B-4259-A2F9-EB07442BC6BE} = {31B53A5F-6034-4A3C-A344-564F99355AC4}
		{C88A3E55-BC56-4B86-80C8-4C39157B2BBA} = {31B53A5F-6034-4A3C-A344-564F99355AC4}
		{AD1A2A58-B222-47F3-AE65-E894BD2262E4} = {31B53A5F-6034-4A3C-A344-564F99355AC4}
		{759393D0-A13D-44F8-92C6-046868E75E07} = {31B53A5F-6034-4A3C-A344-564F99355AC4}
		{6BFF7DCE-07ED-4702-B55E-A1DA43C1FB3A} = {8E874D28-C670-4656-AA0F-C879FF951269}
	EndGlobalSection
	GlobalSection(ExtensibilityGlobals) = postSolution
		SolutionGuid = {D2404D47-6748-4224-860F-11DC59277B14}
	EndGlobalSection
EndGlobal
